
Microsoft Visual Studio Solution File, Format Version 12.00
# Visual Studio Version 17
VisualStudioVersion = 17.14.36717.8
MinimumVisualStudioVersion = 10.0.40219.1
Project("{FAE04EC0-301F-11D3-BF4B-00C04F79EFBC}") = "DMM.Avalonia", "DMM.Avalonia\DMM.Avalonia.csproj", "{F2B8EA1A-3CB5-4000-823C-D8D3D44A5B3F}"
EndProject
Project("{FAE04EC0-301F-11D3-BF4B-00C04F79EFBC}") = "DMM.Core", "DMM.Core\DMM.Core.csproj", "{DDD04B16-A20E-4656-992D-E65D67051013}"
EndProject
Project("{FAE04EC0-301F-11D3-BF4B-00C04F79EFBC}") = "DMM.Data", "DMM.Data\DMM.Data.csproj", "{85EE041D-ED9A-47FE-9020-17A83C0DCC48}"
EndProject
Project("{2150E333-8FDC-42A3-9474-1A3956D46DE8}") = "DMM.Docs", "DMM.Docs", "{02EA681E-C7D8-13C7-8484-4AC65E1B71E8}"
EndProject
Project("{FAE04EC0-301F-11D3-BF4B-00C04F79EFBC}") = "DMM.Standalone.DependencyChecker", "DMM.Standalone.DependencyChecker\DMM.Standalone.DependencyChecker.csproj", "{C75F4D25-3C13-4905-B9CD-0B2C5096D84F}"
EndProject
Project("{FAE04EC0-301F-11D3-BF4B-00C04F79EFBC}") = "DMM.AssetManagers", "DMM.AssetManagers\DMM.AssetManagers.csproj", "{C8D7ED4F-2CEC-BFE0-2659-F4ED4BC81D69}"
EndProject
Project("{FAE04EC0-301F-11D3-BF4B-00C04F79EFBC}") = "DMM.Standalone.DatabaseSeeder", "DMM.Standalone.DatabaseSeeder\DMM.Standalone.DatabaseSeeder.csproj", "{F3296458-1988-4A7F-A416-9AC734C77FBF}"
EndProject
Project("{2150E333-8FDC-42A3-9474-1A3956D46DE8}") = "Scripts", "Scripts", "{52FD92C9-CA60-4F85-A64E-37626A29A7ED}"
	ProjectSection(SolutionItems) = preProject
		scripts\bump-and-tag.ps1 = scripts\bump-and-tag.ps1
		scripts\push-tag.ps1 = scripts\push-tag.ps1
	EndProjectSection
EndProject
Project("{2150E333-8FDC-42A3-9474-1A3956D46DE8}") = "Workflows", "Workflows", "{7C72BFD1-6836-4D18-8CA2-C7B5499F0F4C}"
	ProjectSection(SolutionItems) = preProject
		.github\workflows\publish.yml = .github\workflows\publish.yml
	EndProjectSection
EndProject
Project("{FAE04EC0-301F-11D3-BF4B-00C04F79EFBC}") = "DMM.Standalone.DependencyChecker.Modular", "DMM.Standalone.DependencyChecker.Modular\DMM.Standalone.DependencyChecker.Modular.csproj", "{AC528EC3-3A05-8EE6-2BBC-6C390259EA20}"
EndProject
Project("{FAE04EC0-301F-11D3-BF4B-00C04F79EFBC}") = "DMM.Tests", "DMM.Tests\DMM.Tests.csproj", "{6CEEBC14-FBCD-45A8-98DA-FE7C018AC290}"
EndProject
Project("{FAE04EC0-301F-11D3-BF4B-00C04F79EFBC}") = "DMM.Standalone.EspEsmSwap", "DMM.Standalone.EspEsmSwap\DMM.Standalone.EspEsmSwap.csproj", "{0D9E0BB3-2132-4786-BA57-21FFF707FB58}"
EndProject
Global
	GlobalSection(SolutionConfigurationPlatforms) = preSolution
		Debug|Any CPU = Debug|Any CPU
		Debug|x64 = Debug|x64
		Debug|x86 = Debug|x86
		DefaultBuild|Any CPU = DefaultBuild|Any CPU
		DefaultBuild|x64 = DefaultBuild|x64
		DefaultBuild|x86 = DefaultBuild|x86
		FullRelease|Any CPU = FullRelease|Any CPU
		FullRelease|x64 = FullRelease|x64
		FullRelease|x86 = FullRelease|x86
		Publish|Any CPU = Publish|Any CPU
		Publish|x64 = Publish|x64
		Publish|x86 = Publish|x86
		PublishFrameworkDependent|Any CPU = PublishFrameworkDependent|Any CPU
		PublishFrameworkDependent|x64 = PublishFrameworkDependent|x64
		PublishFrameworkDependent|x86 = PublishFrameworkDependent|x86
		PublishSelfContained|Any CPU = PublishSelfContained|Any CPU
		PublishSelfContained|x64 = PublishSelfContained|x64
		PublishSelfContained|x86 = PublishSelfContained|x86
		Release|Any CPU = Release|Any CPU
		Release|x64 = Release|x64
		Release|x86 = Release|x86
	EndGlobalSection
	GlobalSection(ProjectConfigurationPlatforms) = postSolution
		{F2B8EA1A-3CB5-4000-823C-D8D3D44A5B3F}.Debug|Any CPU.ActiveCfg = Debug|Any CPU
		{F2B8EA1A-3CB5-4000-823C-D8D3D44A5B3F}.Debug|Any CPU.Build.0 = Debug|Any CPU
		{F2B8EA1A-3CB5-4000-823C-D8D3D44A5B3F}.Debug|x64.ActiveCfg = Debug|Any CPU
		{F2B8EA1A-3CB5-4000-823C-D8D3D44A5B3F}.Debug|x64.Build.0 = Debug|Any CPU
		{F2B8EA1A-3CB5-4000-823C-D8D3D44A5B3F}.Debug|x86.ActiveCfg = Debug|Any CPU
		{F2B8EA1A-3CB5-4000-823C-D8D3D44A5B3F}.Debug|x86.Build.0 = Debug|Any CPU
		{F2B8EA1A-3CB5-4000-823C-D8D3D44A5B3F}.DefaultBuild|Any CPU.ActiveCfg = Release|Any CPU
		{F2B8EA1A-3CB5-4000-823C-D8D3D44A5B3F}.DefaultBuild|Any CPU.Build.0 = Release|Any CPU
		{F2B8EA1A-3CB5-4000-823C-D8D3D44A5B3F}.DefaultBuild|x64.ActiveCfg = Release|Any CPU
		{F2B8EA1A-3CB5-4000-823C-D8D3D44A5B3F}.DefaultBuild|x64.Build.0 = Release|Any CPU
		{F2B8EA1A-3CB5-4000-823C-D8D3D44A5B3F}.DefaultBuild|x86.ActiveCfg = Release|Any CPU
		{F2B8EA1A-3CB5-4000-823C-D8D3D44A5B3F}.DefaultBuild|x86.Build.0 = Release|Any CPU
		{F2B8EA1A-3CB5-4000-823C-D8D3D44A5B3F}.FullRelease|Any CPU.ActiveCfg = FullRelease|Any CPU
		{F2B8EA1A-3CB5-4000-823C-D8D3D44A5B3F}.FullRelease|Any CPU.Build.0 = FullRelease|Any CPU
		{F2B8EA1A-3CB5-4000-823C-D8D3D44A5B3F}.FullRelease|x64.ActiveCfg = FullRelease|Any CPU
		{F2B8EA1A-3CB5-4000-823C-D8D3D44A5B3F}.FullRelease|x64.Build.0 = FullRelease|Any CPU
		{F2B8EA1A-3CB5-4000-823C-D8D3D44A5B3F}.FullRelease|x86.ActiveCfg = FullRelease|Any CPU
		{F2B8EA1A-3CB5-4000-823C-D8D3D44A5B3F}.FullRelease|x86.Build.0 = FullRelease|Any CPU
		{F2B8EA1A-3CB5-4000-823C-D8D3D44A5B3F}.Publish|Any CPU.ActiveCfg = Release|Any CPU
		{F2B8EA1A-3CB5-4000-823C-D8D3D44A5B3F}.Publish|Any CPU.Build.0 = Release|Any CPU
		{F2B8EA1A-3CB5-4000-823C-D8D3D44A5B3F}.Publish|x64.ActiveCfg = Release|Any CPU
		{F2B8EA1A-3CB5-4000-823C-D8D3D44A5B3F}.Publish|x64.Build.0 = Release|Any CPU
		{F2B8EA1A-3CB5-4000-823C-D8D3D44A5B3F}.Publish|x86.ActiveCfg = Release|Any CPU
		{F2B8EA1A-3CB5-4000-823C-D8D3D44A5B3F}.Publish|x86.Build.0 = Release|Any CPU
		{F2B8EA1A-3CB5-4000-823C-D8D3D44A5B3F}.PublishFrameworkDependent|Any CPU.ActiveCfg = Release|Any CPU
		{F2B8EA1A-3CB5-4000-823C-D8D3D44A5B3F}.PublishFrameworkDependent|Any CPU.Build.0 = Release|Any CPU
		{F2B8EA1A-3CB5-4000-823C-D8D3D44A5B3F}.PublishFrameworkDependent|x64.ActiveCfg = Release|Any CPU
		{F2B8EA1A-3CB5-4000-823C-D8D3D44A5B3F}.PublishFrameworkDependent|x64.Build.0 = Release|Any CPU
		{F2B8EA1A-3CB5-4000-823C-D8D3D44A5B3F}.PublishFrameworkDependent|x86.ActiveCfg = Release|Any CPU
		{F2B8EA1A-3CB5-4000-823C-D8D3D44A5B3F}.PublishFrameworkDependent|x86.Build.0 = Release|Any CPU
		{F2B8EA1A-3CB5-4000-823C-D8D3D44A5B3F}.PublishSelfContained|Any CPU.ActiveCfg = Release|Any CPU
		{F2B8EA1A-3CB5-4000-823C-D8D3D44A5B3F}.PublishSelfContained|Any CPU.Build.0 = Release|Any CPU
		{F2B8EA1A-3CB5-4000-823C-D8D3D44A5B3F}.PublishSelfContained|x64.ActiveCfg = Release|Any CPU
		{F2B8EA1A-3CB5-4000-823C-D8D3D44A5B3F}.PublishSelfContained|x64.Build.0 = Release|Any CPU
		{F2B8EA1A-3CB5-4000-823C-D8D3D44A5B3F}.PublishSelfContained|x86.ActiveCfg = Release|Any CPU
		{F2B8EA1A-3CB5-4000-823C-D8D3D44A5B3F}.PublishSelfContained|x86.Build.0 = Release|Any CPU
		{F2B8EA1A-3CB5-4000-823C-D8D3D44A5B3F}.Release|Any CPU.ActiveCfg = Release|Any CPU
		{F2B8EA1A-3CB5-4000-823C-D8D3D44A5B3F}.Release|Any CPU.Build.0 = Release|Any CPU
		{F2B8EA1A-3CB5-4000-823C-D8D3D44A5B3F}.Release|x64.ActiveCfg = Release|Any CPU
		{F2B8EA1A-3CB5-4000-823C-D8D3D44A5B3F}.Release|x64.Build.0 = Release|Any CPU
		{F2B8EA1A-3CB5-4000-823C-D8D3D44A5B3F}.Release|x86.ActiveCfg = Release|Any CPU
		{F2B8EA1A-3CB5-4000-823C-D8D3D44A5B3F}.Release|x86.Build.0 = Release|Any CPU
		{DDD04B16-A20E-4656-992D-E65D67051013}.Debug|Any CPU.ActiveCfg = Debug|Any CPU
		{DDD04B16-A20E-4656-992D-E65D67051013}.Debug|Any CPU.Build.0 = Debug|Any CPU
		{DDD04B16-A20E-4656-992D-E65D67051013}.Debug|x64.ActiveCfg = Debug|Any CPU
		{DDD04B16-A20E-4656-992D-E65D67051013}.Debug|x64.Build.0 = Debug|Any CPU
		{DDD04B16-A20E-4656-992D-E65D67051013}.Debug|x86.ActiveCfg = Debug|Any CPU
		{DDD04B16-A20E-4656-992D-E65D67051013}.Debug|x86.Build.0 = Debug|Any CPU
		{DDD04B16-A20E-4656-992D-E65D67051013}.DefaultBuild|Any CPU.ActiveCfg = Release|Any CPU
		{DDD04B16-A20E-4656-992D-E65D67051013}.DefaultBuild|Any CPU.Build.0 = Release|Any CPU
		{DDD04B16-A20E-4656-992D-E65D67051013}.DefaultBuild|x64.ActiveCfg = Release|Any CPU
		{DDD04B16-A20E-4656-992D-E65D67051013}.DefaultBuild|x64.Build.0 = Release|Any CPU
		{DDD04B16-A20E-4656-992D-E65D67051013}.DefaultBuild|x86.ActiveCfg = Release|Any CPU
		{DDD04B16-A20E-4656-992D-E65D67051013}.DefaultBuild|x86.Build.0 = Release|Any CPU
		{DDD04B16-A20E-4656-992D-E65D67051013}.FullRelease|Any CPU.ActiveCfg = FullRelease|Any CPU
		{DDD04B16-A20E-4656-992D-E65D67051013}.FullRelease|Any CPU.Build.0 = FullRelease|Any CPU
		{DDD04B16-A20E-4656-992D-E65D67051013}.FullRelease|x64.ActiveCfg = FullRelease|Any CPU
		{DDD04B16-A20E-4656-992D-E65D67051013}.FullRelease|x64.Build.0 = FullRelease|Any CPU
		{DDD04B16-A20E-4656-992D-E65D67051013}.FullRelease|x86.ActiveCfg = FullRelease|Any CPU
		{DDD04B16-A20E-4656-992D-E65D67051013}.FullRelease|x86.Build.0 = FullRelease|Any CPU
		{DDD04B16-A20E-4656-992D-E65D67051013}.Publish|Any CPU.ActiveCfg = Release|Any CPU
		{DDD04B16-A20E-4656-992D-E65D67051013}.Publish|Any CPU.Build.0 = Release|Any CPU
		{DDD04B16-A20E-4656-992D-E65D67051013}.Publish|x64.ActiveCfg = Release|Any CPU
		{DDD04B16-A20E-4656-992D-E65D67051013}.Publish|x64.Build.0 = Release|Any CPU
		{DDD04B16-A20E-4656-992D-E65D67051013}.Publish|x86.ActiveCfg = Release|Any CPU
		{DDD04B16-A20E-4656-992D-E65D67051013}.Publish|x86.Build.0 = Release|Any CPU
		{DDD04B16-A20E-4656-992D-E65D67051013}.PublishFrameworkDependent|Any CPU.ActiveCfg = Release|Any CPU
		{DDD04B16-A20E-4656-992D-E65D67051013}.PublishFrameworkDependent|Any CPU.Build.0 = Release|Any CPU
		{DDD04B16-A20E-4656-992D-E65D67051013}.PublishFrameworkDependent|x64.ActiveCfg = Release|Any CPU
		{DDD04B16-A20E-4656-992D-E65D67051013}.PublishFrameworkDependent|x64.Build.0 = Release|Any CPU
		{DDD04B16-A20E-4656-992D-E65D67051013}.PublishFrameworkDependent|x86.ActiveCfg = Release|Any CPU
		{DDD04B16-A20E-4656-992D-E65D67051013}.PublishFrameworkDependent|x86.Build.0 = Release|Any CPU
		{DDD04B16-A20E-4656-992D-E65D67051013}.PublishSelfContained|Any CPU.ActiveCfg = Release|Any CPU
		{DDD04B16-A20E-4656-992D-E65D67051013}.PublishSelfContained|Any CPU.Build.0 = Release|Any CPU
		{DDD04B16-A20E-4656-992D-E65D67051013}.PublishSelfContained|x64.ActiveCfg = Release|Any CPU
		{DDD04B16-A20E-4656-992D-E65D67051013}.PublishSelfContained|x64.Build.0 = Release|Any CPU
		{DDD04B16-A20E-4656-992D-E65D67051013}.PublishSelfContained|x86.ActiveCfg = Release|Any CPU
		{DDD04B16-A20E-4656-992D-E65D67051013}.PublishSelfContained|x86.Build.0 = Release|Any CPU
		{DDD04B16-A20E-4656-992D-E65D67051013}.Release|Any CPU.ActiveCfg = Release|Any CPU
		{DDD04B16-A20E-4656-992D-E65D67051013}.Release|Any CPU.Build.0 = Release|Any CPU
		{DDD04B16-A20E-4656-992D-E65D67051013}.Release|x64.ActiveCfg = Release|Any CPU
		{DDD04B16-A20E-4656-992D-E65D67051013}.Release|x64.Build.0 = Release|Any CPU
		{DDD04B16-A20E-4656-992D-E65D67051013}.Release|x86.ActiveCfg = Release|Any CPU
		{DDD04B16-A20E-4656-992D-E65D67051013}.Release|x86.Build.0 = Release|Any CPU
		{85EE041D-ED9A-47FE-9020-17A83C0DCC48}.Debug|Any CPU.ActiveCfg = Debug|Any CPU
		{85EE041D-ED9A-47FE-9020-17A83C0DCC48}.Debug|Any CPU.Build.0 = Debug|Any CPU
		{85EE041D-ED9A-47FE-9020-17A83C0DCC48}.Debug|x64.ActiveCfg = Debug|Any CPU
		{85EE041D-ED9A-47FE-9020-17A83C0DCC48}.Debug|x64.Build.0 = Debug|Any CPU
		{85EE041D-ED9A-47FE-9020-17A83C0DCC48}.Debug|x86.ActiveCfg = Debug|Any CPU
		{85EE041D-ED9A-47FE-9020-17A83C0DCC48}.Debug|x86.Build.0 = Debug|Any CPU
		{85EE041D-ED9A-47FE-9020-17A83C0DCC48}.DefaultBuild|Any CPU.ActiveCfg = Release|Any CPU
		{85EE041D-ED9A-47FE-9020-17A83C0DCC48}.DefaultBuild|Any CPU.Build.0 = Release|Any CPU
		{85EE041D-ED9A-47FE-9020-17A83C0DCC48}.DefaultBuild|x64.ActiveCfg = Release|Any CPU
		{85EE041D-ED9A-47FE-9020-17A83C0DCC48}.DefaultBuild|x64.Build.0 = Release|Any CPU
		{85EE041D-ED9A-47FE-9020-17A83C0DCC48}.DefaultBuild|x86.ActiveCfg = Release|Any CPU
		{85EE041D-ED9A-47FE-9020-17A83C0DCC48}.DefaultBuild|x86.Build.0 = Release|Any CPU
		{85EE041D-ED9A-47FE-9020-17A83C0DCC48}.FullRelease|Any CPU.ActiveCfg = FullRelease|Any CPU
		{85EE041D-ED9A-47FE-9020-17A83C0DCC48}.FullRelease|Any CPU.Build.0 = FullRelease|Any CPU
		{85EE041D-ED9A-47FE-9020-17A83C0DCC48}.FullRelease|x64.ActiveCfg = FullRelease|Any CPU
		{85EE041D-ED9A-47FE-9020-17A83C0DCC48}.FullRelease|x64.Build.0 = FullRelease|Any CPU
		{85EE041D-ED9A-47FE-9020-17A83C0DCC48}.FullRelease|x86.ActiveCfg = FullRelease|Any CPU
		{85EE041D-ED9A-47FE-9020-17A83C0DCC48}.FullRelease|x86.Build.0 = FullRelease|Any CPU
		{85EE041D-ED9A-47FE-9020-17A83C0DCC48}.Publish|Any CPU.ActiveCfg = Release|Any CPU
		{85EE041D-ED9A-47FE-9020-17A83C0DCC48}.Publish|Any CPU.Build.0 = Release|Any CPU
		{85EE041D-ED9A-47FE-9020-17A83C0DCC48}.Publish|x64.ActiveCfg = Release|Any CPU
		{85EE041D-ED9A-47FE-9020-17A83C0DCC48}.Publish|x64.Build.0 = Release|Any CPU
		{85EE041D-ED9A-47FE-9020-17A83C0DCC48}.Publish|x86.ActiveCfg = Release|Any CPU
		{85EE041D-ED9A-47FE-9020-17A83C0DCC48}.Publish|x86.Build.0 = Release|Any CPU
		{85EE041D-ED9A-47FE-9020-17A83C0DCC48}.PublishFrameworkDependent|Any CPU.ActiveCfg = Release|Any CPU
		{85EE041D-ED9A-47FE-9020-17A83C0DCC48}.PublishFrameworkDependent|Any CPU.Build.0 = Release|Any CPU
		{85EE041D-ED9A-47FE-9020-17A83C0DCC48}.PublishFrameworkDependent|x64.ActiveCfg = Release|Any CPU
		{85EE041D-ED9A-47FE-9020-17A83C0DCC48}.PublishFrameworkDependent|x64.Build.0 = Release|Any CPU
		{85EE041D-ED9A-47FE-9020-17A83C0DCC48}.PublishFrameworkDependent|x86.ActiveCfg = Release|Any CPU
		{85EE041D-ED9A-47FE-9020-17A83C0DCC48}.PublishFrameworkDependent|x86.Build.0 = Release|Any CPU
		{85EE041D-ED9A-47FE-9020-17A83C0DCC48}.PublishSelfContained|Any CPU.ActiveCfg = Release|Any CPU
		{85EE041D-ED9A-47FE-9020-17A83C0DCC48}.PublishSelfContained|Any CPU.Build.0 = Release|Any CPU
		{85EE041D-ED9A-47FE-9020-17A83C0DCC48}.PublishSelfContained|x64.ActiveCfg = Release|Any CPU
		{85EE041D-ED9A-47FE-9020-17A83C0DCC48}.PublishSelfContained|x64.Build.0 = Release|Any CPU
		{85EE041D-ED9A-47FE-9020-17A83C0DCC48}.PublishSelfContained|x86.ActiveCfg = Release|Any CPU
		{85EE041D-ED9A-47FE-9020-17A83C0DCC48}.PublishSelfContained|x86.Build.0 = Release|Any CPU
		{85EE041D-ED9A-47FE-9020-17A83C0DCC48}.Release|Any CPU.ActiveCfg = Release|Any CPU
		{85EE041D-ED9A-47FE-9020-17A83C0DCC48}.Release|Any CPU.Build.0 = Release|Any CPU
		{85EE041D-ED9A-47FE-9020-17A83C0DCC48}.Release|x64.ActiveCfg = Release|Any CPU
		{85EE041D-ED9A-47FE-9020-17A83C0DCC48}.Release|x64.Build.0 = Release|Any CPU
		{85EE041D-ED9A-47FE-9020-17A83C0DCC48}.Release|x86.ActiveCfg = Release|Any CPU
		{85EE041D-ED9A-47FE-9020-17A83C0DCC48}.Release|x86.Build.0 = Release|Any CPU
		{C75F4D25-3C13-4905-B9CD-0B2C5096D84F}.Debug|Any CPU.ActiveCfg = Debug|Any CPU
		{C75F4D25-3C13-4905-B9CD-0B2C5096D84F}.Debug|Any CPU.Build.0 = Debug|Any CPU
		{C75F4D25-3C13-4905-B9CD-0B2C5096D84F}.Debug|x64.ActiveCfg = Debug|Any CPU
		{C75F4D25-3C13-4905-B9CD-0B2C5096D84F}.Debug|x64.Build.0 = Debug|Any CPU
		{C75F4D25-3C13-4905-B9CD-0B2C5096D84F}.Debug|x86.ActiveCfg = Debug|Any CPU
		{C75F4D25-3C13-4905-B9CD-0B2C5096D84F}.Debug|x86.Build.0 = Debug|Any CPU
		{C75F4D25-3C13-4905-B9CD-0B2C5096D84F}.DefaultBuild|Any CPU.ActiveCfg = Release|Any CPU
		{C75F4D25-3C13-4905-B9CD-0B2C5096D84F}.DefaultBuild|Any CPU.Build.0 = Release|Any CPU
		{C75F4D25-3C13-4905-B9CD-0B2C5096D84F}.DefaultBuild|x64.ActiveCfg = Release|Any CPU
		{C75F4D25-3C13-4905-B9CD-0B2C5096D84F}.DefaultBuild|x64.Build.0 = Release|Any CPU
		{C75F4D25-3C13-4905-B9CD-0B2C5096D84F}.DefaultBuild|x86.ActiveCfg = Release|Any CPU
		{C75F4D25-3C13-4905-B9CD-0B2C5096D84F}.DefaultBuild|x86.Build.0 = Release|Any CPU
		{C75F4D25-3C13-4905-B9CD-0B2C5096D84F}.FullRelease|Any CPU.ActiveCfg = FullRelease|Any CPU
		{C75F4D25-3C13-4905-B9CD-0B2C5096D84F}.FullRelease|Any CPU.Build.0 = FullRelease|Any CPU
		{C75F4D25-3C13-4905-B9CD-0B2C5096D84F}.FullRelease|x64.ActiveCfg = Release|Any CPU
		{C75F4D25-3C13-4905-B9CD-0B2C5096D84F}.FullRelease|x86.ActiveCfg = Release|Any CPU
		{C75F4D25-3C13-4905-B9CD-0B2C5096D84F}.Publish|Any CPU.ActiveCfg = Publish|Any CPU
		{C75F4D25-3C13-4905-B9CD-0B2C5096D84F}.Publish|Any CPU.Build.0 = Publish|Any CPU
		{C75F4D25-3C13-4905-B9CD-0B2C5096D84F}.Publish|x64.ActiveCfg = Publish|Any CPU
		{C75F4D25-3C13-4905-B9CD-0B2C5096D84F}.Publish|x64.Build.0 = Publish|Any CPU
		{C75F4D25-3C13-4905-B9CD-0B2C5096D84F}.Publish|x86.ActiveCfg = Publish|Any CPU
		{C75F4D25-3C13-4905-B9CD-0B2C5096D84F}.Publish|x86.Build.0 = Publish|Any CPU
		{C75F4D25-3C13-4905-B9CD-0B2C5096D84F}.PublishFrameworkDependent|Any CPU.ActiveCfg = PublishFrameworkDependent|Any CPU
		{C75F4D25-3C13-4905-B9CD-0B2C5096D84F}.PublishFrameworkDependent|Any CPU.Build.0 = PublishFrameworkDependent|Any CPU
		{C75F4D25-3C13-4905-B9CD-0B2C5096D84F}.PublishFrameworkDependent|x64.ActiveCfg = PublishFrameworkDependent|Any CPU
		{C75F4D25-3C13-4905-B9CD-0B2C5096D84F}.PublishFrameworkDependent|x64.Build.0 = PublishFrameworkDependent|Any CPU
		{C75F4D25-3C13-4905-B9CD-0B2C5096D84F}.PublishFrameworkDependent|x86.ActiveCfg = PublishFrameworkDependent|Any CPU
		{C75F4D25-3C13-4905-B9CD-0B2C5096D84F}.PublishFrameworkDependent|x86.Build.0 = PublishFrameworkDependent|Any CPU
		{C75F4D25-3C13-4905-B9CD-0B2C5096D84F}.PublishSelfContained|Any CPU.ActiveCfg = PublishSelfContained|Any CPU
		{C75F4D25-3C13-4905-B9CD-0B2C5096D84F}.PublishSelfContained|Any CPU.Build.0 = PublishSelfContained|Any CPU
		{C75F4D25-3C13-4905-B9CD-0B2C5096D84F}.PublishSelfContained|x64.ActiveCfg = PublishSelfContained|Any CPU
		{C75F4D25-3C13-4905-B9CD-0B2C5096D84F}.PublishSelfContained|x64.Build.0 = PublishSelfContained|Any CPU
		{C75F4D25-3C13-4905-B9CD-0B2C5096D84F}.PublishSelfContained|x86.ActiveCfg = PublishSelfContained|Any CPU
		{C75F4D25-3C13-4905-B9CD-0B2C5096D84F}.PublishSelfContained|x86.Build.0 = PublishSelfContained|Any CPU
		{C75F4D25-3C13-4905-B9CD-0B2C5096D84F}.Release|Any CPU.ActiveCfg = Release|Any CPU
		{C75F4D25-3C13-4905-B9CD-0B2C5096D84F}.Release|Any CPU.Build.0 = Release|Any CPU
		{C75F4D25-3C13-4905-B9CD-0B2C5096D84F}.Release|x64.ActiveCfg = Release|Any CPU
		{C75F4D25-3C13-4905-B9CD-0B2C5096D84F}.Release|x64.Build.0 = Release|Any CPU
		{C75F4D25-3C13-4905-B9CD-0B2C5096D84F}.Release|x86.ActiveCfg = Release|Any CPU
		{C75F4D25-3C13-4905-B9CD-0B2C5096D84F}.Release|x86.Build.0 = Release|Any CPU
		{C8D7ED4F-2CEC-BFE0-2659-F4ED4BC81D69}.Debug|Any CPU.ActiveCfg = Debug|Any CPU
		{C8D7ED4F-2CEC-BFE0-2659-F4ED4BC81D69}.Debug|Any CPU.Build.0 = Debug|Any CPU
		{C8D7ED4F-2CEC-BFE0-2659-F4ED4BC81D69}.Debug|x64.ActiveCfg = Debug|Any CPU
		{C8D7ED4F-2CEC-BFE0-2659-F4ED4BC81D69}.Debug|x64.Build.0 = Debug|Any CPU
		{C8D7ED4F-2CEC-BFE0-2659-F4ED4BC81D69}.Debug|x86.ActiveCfg = Debug|Any CPU
		{C8D7ED4F-2CEC-BFE0-2659-F4ED4BC81D69}.Debug|x86.Build.0 = Debug|Any CPU
		{C8D7ED4F-2CEC-BFE0-2659-F4ED4BC81D69}.DefaultBuild|Any CPU.ActiveCfg = Release|Any CPU
		{C8D7ED4F-2CEC-BFE0-2659-F4ED4BC81D69}.DefaultBuild|Any CPU.Build.0 = Release|Any CPU
		{C8D7ED4F-2CEC-BFE0-2659-F4ED4BC81D69}.DefaultBuild|x64.ActiveCfg = Release|Any CPU
		{C8D7ED4F-2CEC-BFE0-2659-F4ED4BC81D69}.DefaultBuild|x64.Build.0 = Release|Any CPU
		{C8D7ED4F-2CEC-BFE0-2659-F4ED4BC81D69}.DefaultBuild|x86.ActiveCfg = Release|Any CPU
		{C8D7ED4F-2CEC-BFE0-2659-F4ED4BC81D69}.DefaultBuild|x86.Build.0 = Release|Any CPU
		{C8D7ED4F-2CEC-BFE0-2659-F4ED4BC81D69}.FullRelease|Any CPU.ActiveCfg = FullRelease|Any CPU
		{C8D7ED4F-2CEC-BFE0-2659-F4ED4BC81D69}.FullRelease|Any CPU.Build.0 = FullRelease|Any CPU
		{C8D7ED4F-2CEC-BFE0-2659-F4ED4BC81D69}.FullRelease|x64.ActiveCfg = FullRelease|Any CPU
		{C8D7ED4F-2CEC-BFE0-2659-F4ED4BC81D69}.FullRelease|x64.Build.0 = FullRelease|Any CPU
		{C8D7ED4F-2CEC-BFE0-2659-F4ED4BC81D69}.FullRelease|x86.ActiveCfg = FullRelease|Any CPU
		{C8D7ED4F-2CEC-BFE0-2659-F4ED4BC81D69}.FullRelease|x86.Build.0 = FullRelease|Any CPU
		{C8D7ED4F-2CEC-BFE0-2659-F4ED4BC81D69}.Publish|Any CPU.ActiveCfg = Release|Any CPU
		{C8D7ED4F-2CEC-BFE0-2659-F4ED4BC81D69}.Publish|Any CPU.Build.0 = Release|Any CPU
		{C8D7ED4F-2CEC-BFE0-2659-F4ED4BC81D69}.Publish|x64.ActiveCfg = Release|Any CPU
		{C8D7ED4F-2CEC-BFE0-2659-F4ED4BC81D69}.Publish|x64.Build.0 = Release|Any CPU
		{C8D7ED4F-2CEC-BFE0-2659-F4ED4BC81D69}.Publish|x86.ActiveCfg = Release|Any CPU
		{C8D7ED4F-2CEC-BFE0-2659-F4ED4BC81D69}.Publish|x86.Build.0 = Release|Any CPU
		{C8D7ED4F-2CEC-BFE0-2659-F4ED4BC81D69}.PublishFrameworkDependent|Any CPU.ActiveCfg = Release|Any CPU
		{C8D7ED4F-2CEC-BFE0-2659-F4ED4BC81D69}.PublishFrameworkDependent|Any CPU.Build.0 = Release|Any CPU
		{C8D7ED4F-2CEC-BFE0-2659-F4ED4BC81D69}.PublishFrameworkDependent|x64.ActiveCfg = Release|Any CPU
		{C8D7ED4F-2CEC-BFE0-2659-F4ED4BC81D69}.PublishFrameworkDependent|x64.Build.0 = Release|Any CPU
		{C8D7ED4F-2CEC-BFE0-2659-F4ED4BC81D69}.PublishFrameworkDependent|x86.ActiveCfg = Release|Any CPU
		{C8D7ED4F-2CEC-BFE0-2659-F4ED4BC81D69}.PublishFrameworkDependent|x86.Build.0 = Release|Any CPU
		{C8D7ED4F-2CEC-BFE0-2659-F4ED4BC81D69}.PublishSelfContained|Any CPU.ActiveCfg = Release|Any CPU
		{C8D7ED4F-2CEC-BFE0-2659-F4ED4BC81D69}.PublishSelfContained|Any CPU.Build.0 = Release|Any CPU
		{C8D7ED4F-2CEC-BFE0-2659-F4ED4BC81D69}.PublishSelfContained|x64.ActiveCfg = Release|Any CPU
		{C8D7ED4F-2CEC-BFE0-2659-F4ED4BC81D69}.PublishSelfContained|x64.Build.0 = Release|Any CPU
		{C8D7ED4F-2CEC-BFE0-2659-F4ED4BC81D69}.PublishSelfContained|x86.ActiveCfg = Release|Any CPU
		{C8D7ED4F-2CEC-BFE0-2659-F4ED4BC81D69}.PublishSelfContained|x86.Build.0 = Release|Any CPU
		{C8D7ED4F-2CEC-BFE0-2659-F4ED4BC81D69}.Release|Any CPU.ActiveCfg = Release|Any CPU
		{C8D7ED4F-2CEC-BFE0-2659-F4ED4BC81D69}.Release|Any CPU.Build.0 = Release|Any CPU
		{C8D7ED4F-2CEC-BFE0-2659-F4ED4BC81D69}.Release|x64.ActiveCfg = Release|Any CPU
		{C8D7ED4F-2CEC-BFE0-2659-F4ED4BC81D69}.Release|x64.Build.0 = Release|Any CPU
		{C8D7ED4F-2CEC-BFE0-2659-F4ED4BC81D69}.Release|x86.ActiveCfg = Release|Any CPU
		{C8D7ED4F-2CEC-BFE0-2659-F4ED4BC81D69}.Release|x86.Build.0 = Release|Any CPU
		{F3296458-1988-4A7F-A416-9AC734C77FBF}.Debug|Any CPU.ActiveCfg = Debug|Any CPU
		{F3296458-1988-4A7F-A416-9AC734C77FBF}.Debug|Any CPU.Build.0 = Debug|Any CPU
		{F3296458-1988-4A7F-A416-9AC734C77FBF}.Debug|x64.ActiveCfg = Debug|Any CPU
		{F3296458-1988-4A7F-A416-9AC734C77FBF}.Debug|x64.Build.0 = Debug|Any CPU
		{F3296458-1988-4A7F-A416-9AC734C77FBF}.Debug|x86.ActiveCfg = Debug|Any CPU
		{F3296458-1988-4A7F-A416-9AC734C77FBF}.Debug|x86.Build.0 = Debug|Any CPU
		{F3296458-1988-4A7F-A416-9AC734C77FBF}.DefaultBuild|Any CPU.ActiveCfg = Release|Any CPU
		{F3296458-1988-4A7F-A416-9AC734C77FBF}.DefaultBuild|Any CPU.Build.0 = Release|Any CPU
		{F3296458-1988-4A7F-A416-9AC734C77FBF}.DefaultBuild|x64.ActiveCfg = Release|Any CPU
		{F3296458-1988-4A7F-A416-9AC734C77FBF}.DefaultBuild|x64.Build.0 = Release|Any CPU
		{F3296458-1988-4A7F-A416-9AC734C77FBF}.DefaultBuild|x86.ActiveCfg = Release|Any CPU
		{F3296458-1988-4A7F-A416-9AC734C77FBF}.DefaultBuild|x86.Build.0 = Release|Any CPU
		{F3296458-1988-4A7F-A416-9AC734C77FBF}.FullRelease|Any CPU.ActiveCfg = FullRelease|Any CPU
		{F3296458-1988-4A7F-A416-9AC734C77FBF}.FullRelease|Any CPU.Build.0 = FullRelease|Any CPU
		{F3296458-1988-4A7F-A416-9AC734C77FBF}.FullRelease|x64.ActiveCfg = FullRelease|Any CPU
		{F3296458-1988-4A7F-A416-9AC734C77FBF}.FullRelease|x64.Build.0 = FullRelease|Any CPU
		{F3296458-1988-4A7F-A416-9AC734C77FBF}.FullRelease|x86.ActiveCfg = FullRelease|Any CPU
		{F3296458-1988-4A7F-A416-9AC734C77FBF}.FullRelease|x86.Build.0 = FullRelease|Any CPU
		{F3296458-1988-4A7F-A416-9AC734C77FBF}.Publish|Any CPU.ActiveCfg = Release|Any CPU
		{F3296458-1988-4A7F-A416-9AC734C77FBF}.Publish|Any CPU.Build.0 = Release|Any CPU
		{F3296458-1988-4A7F-A416-9AC734C77FBF}.Publish|x64.ActiveCfg = Release|Any CPU
		{F3296458-1988-4A7F-A416-9AC734C77FBF}.Publish|x64.Build.0 = Release|Any CPU
		{F3296458-1988-4A7F-A416-9AC734C77FBF}.Publish|x86.ActiveCfg = Release|Any CPU
		{F3296458-1988-4A7F-A416-9AC734C77FBF}.Publish|x86.Build.0 = Release|Any CPU
		{F3296458-1988-4A7F-A416-9AC734C77FBF}.PublishFrameworkDependent|Any CPU.ActiveCfg = Release|Any CPU
		{F3296458-1988-4A7F-A416-9AC734C77FBF}.PublishFrameworkDependent|Any CPU.Build.0 = Release|Any CPU
		{F3296458-1988-4A7F-A416-9AC734C77FBF}.PublishFrameworkDependent|x64.ActiveCfg = Release|Any CPU
		{F3296458-1988-4A7F-A416-9AC734C77FBF}.PublishFrameworkDependent|x64.Build.0 = Release|Any CPU
		{F3296458-1988-4A7F-A416-9AC734C77FBF}.PublishFrameworkDependent|x86.ActiveCfg = Release|Any CPU
		{F3296458-1988-4A7F-A416-9AC734C77FBF}.PublishFrameworkDependent|x86.Build.0 = Release|Any CPU
		{F3296458-1988-4A7F-A416-9AC734C77FBF}.PublishSelfContained|Any CPU.ActiveCfg = Release|Any CPU
		{F3296458-1988-4A7F-A416-9AC734C77FBF}.PublishSelfContained|Any CPU.Build.0 = Release|Any CPU
		{F3296458-1988-4A7F-A416-9AC734C77FBF}.PublishSelfContained|x64.ActiveCfg = Release|Any CPU
		{F3296458-1988-4A7F-A416-9AC734C77FBF}.PublishSelfContained|x64.Build.0 = Release|Any CPU
		{F3296458-1988-4A7F-A416-9AC734C77FBF}.PublishSelfContained|x86.ActiveCfg = Release|Any CPU
		{F3296458-1988-4A7F-A416-9AC734C77FBF}.PublishSelfContained|x86.Build.0 = Release|Any CPU
		{F3296458-1988-4A7F-A416-9AC734C77FBF}.Release|Any CPU.ActiveCfg = Release|Any CPU
		{F3296458-1988-4A7F-A416-9AC734C77FBF}.Release|Any CPU.Build.0 = Release|Any CPU
		{F3296458-1988-4A7F-A416-9AC734C77FBF}.Release|x64.ActiveCfg = Release|Any CPU
		{F3296458-1988-4A7F-A416-9AC734C77FBF}.Release|x64.Build.0 = Release|Any CPU
		{F3296458-1988-4A7F-A416-9AC734C77FBF}.Release|x86.ActiveCfg = Release|Any CPU
		{F3296458-1988-4A7F-A416-9AC734C77FBF}.Release|x86.Build.0 = Release|Any CPU
		{AC528EC3-3A05-8EE6-2BBC-6C390259EA20}.Debug|Any CPU.ActiveCfg = Debug|Any CPU
		{AC528EC3-3A05-8EE6-2BBC-6C390259EA20}.Debug|Any CPU.Build.0 = Debug|Any CPU
		{AC528EC3-3A05-8EE6-2BBC-6C390259EA20}.Debug|x64.ActiveCfg = Debug|Any CPU
		{AC528EC3-3A05-8EE6-2BBC-6C390259EA20}.Debug|x64.Build.0 = Debug|Any CPU
		{AC528EC3-3A05-8EE6-2BBC-6C390259EA20}.Debug|x86.ActiveCfg = Debug|Any CPU
		{AC528EC3-3A05-8EE6-2BBC-6C390259EA20}.Debug|x86.Build.0 = Debug|Any CPU
		{AC528EC3-3A05-8EE6-2BBC-6C390259EA20}.DefaultBuild|Any CPU.ActiveCfg = Release|Any CPU
		{AC528EC3-3A05-8EE6-2BBC-6C390259EA20}.DefaultBuild|Any CPU.Build.0 = Release|Any CPU
		{AC528EC3-3A05-8EE6-2BBC-6C390259EA20}.DefaultBuild|x64.ActiveCfg = Release|Any CPU
		{AC528EC3-3A05-8EE6-2BBC-6C390259EA20}.DefaultBuild|x64.Build.0 = Release|Any CPU
		{AC528EC3-3A05-8EE6-2BBC-6C390259EA20}.DefaultBuild|x86.ActiveCfg = Release|Any CPU
		{AC528EC3-3A05-8EE6-2BBC-6C390259EA20}.DefaultBuild|x86.Build.0 = Release|Any CPU
		{AC528EC3-3A05-8EE6-2BBC-6C390259EA20}.FullRelease|Any CPU.ActiveCfg = Release|Any CPU
		{AC528EC3-3A05-8EE6-2BBC-6C390259EA20}.FullRelease|Any CPU.Build.0 = Release|Any CPU
		{AC528EC3-3A05-8EE6-2BBC-6C390259EA20}.FullRelease|x64.ActiveCfg = Release|Any CPU
		{AC528EC3-3A05-8EE6-2BBC-6C390259EA20}.FullRelease|x64.Build.0 = Release|Any CPU
		{AC528EC3-3A05-8EE6-2BBC-6C390259EA20}.FullRelease|x86.ActiveCfg = Release|Any CPU
		{AC528EC3-3A05-8EE6-2BBC-6C390259EA20}.FullRelease|x86.Build.0 = Release|Any CPU
		{AC528EC3-3A05-8EE6-2BBC-6C390259EA20}.Publish|Any CPU.ActiveCfg = Release|Any CPU
		{AC528EC3-3A05-8EE6-2BBC-6C390259EA20}.Publish|Any CPU.Build.0 = Release|Any CPU
		{AC528EC3-3A05-8EE6-2BBC-6C390259EA20}.Publish|x64.ActiveCfg = Release|Any CPU
		{AC528EC3-3A05-8EE6-2BBC-6C390259EA20}.Publish|x64.Build.0 = Release|Any CPU
		{AC528EC3-3A05-8EE6-2BBC-6C390259EA20}.Publish|x86.ActiveCfg = Release|Any CPU
		{AC528EC3-3A05-8EE6-2BBC-6C390259EA20}.Publish|x86.Build.0 = Release|Any CPU
		{AC528EC3-3A05-8EE6-2BBC-6C390259EA20}.PublishFrameworkDependent|Any CPU.ActiveCfg = Release|Any CPU
		{AC528EC3-3A05-8EE6-2BBC-6C390259EA20}.PublishFrameworkDependent|Any CPU.Build.0 = Release|Any CPU
		{AC528EC3-3A05-8EE6-2BBC-6C390259EA20}.PublishFrameworkDependent|x64.ActiveCfg = Release|Any CPU
		{AC528EC3-3A05-8EE6-2BBC-6C390259EA20}.PublishFrameworkDependent|x64.Build.0 = Release|Any CPU
		{AC528EC3-3A05-8EE6-2BBC-6C390259EA20}.PublishFrameworkDependent|x86.ActiveCfg = Release|Any CPU
		{AC528EC3-3A05-8EE6-2BBC-6C390259EA20}.PublishFrameworkDependent|x86.Build.0 = Release|Any CPU
		{AC528EC3-3A05-8EE6-2BBC-6C390259EA20}.PublishSelfContained|Any CPU.ActiveCfg = Release|Any CPU
		{AC528EC3-3A05-8EE6-2BBC-6C390259EA20}.PublishSelfContained|Any CPU.Build.0 = Release|Any CPU
		{AC528EC3-3A05-8EE6-2BBC-6C390259EA20}.PublishSelfContained|x64.ActiveCfg = Release|Any CPU
		{AC528EC3-3A05-8EE6-2BBC-6C390259EA20}.PublishSelfContained|x64.Build.0 = Release|Any CPU
		{AC528EC3-3A05-8EE6-2BBC-6C390259EA20}.PublishSelfContained|x86.ActiveCfg = Release|Any CPU
		{AC528EC3-3A05-8EE6-2BBC-6C390259EA20}.PublishSelfContained|x86.Build.0 = Release|Any CPU
		{AC528EC3-3A05-8EE6-2BBC-6C390259EA20}.Release|Any CPU.ActiveCfg = Release|Any CPU
		{AC528EC3-3A05-8EE6-2BBC-6C390259EA20}.Release|Any CPU.Build.0 = Release|Any CPU
		{AC528EC3-3A05-8EE6-2BBC-6C390259EA20}.Release|x64.ActiveCfg = Release|Any CPU
		{AC528EC3-3A05-8EE6-2BBC-6C390259EA20}.Release|x64.Build.0 = Release|Any CPU
		{AC528EC3-3A05-8EE6-2BBC-6C390259EA20}.Release|x86.ActiveCfg = Release|Any CPU
		{AC528EC3-3A05-8EE6-2BBC-6C390259EA20}.Release|x86.Build.0 = Release|Any CPU
		{6CEEBC14-FBCD-45A8-98DA-FE7C018AC290}.Debug|Any CPU.ActiveCfg = Debug|Any CPU
		{6CEEBC14-FBCD-45A8-98DA-FE7C018AC290}.Debug|Any CPU.Build.0 = Debug|Any CPU
		{6CEEBC14-FBCD-45A8-98DA-FE7C018AC290}.Debug|x64.ActiveCfg = Debug|Any CPU
		{6CEEBC14-FBCD-45A8-98DA-FE7C018AC290}.Debug|x64.Build.0 = Debug|Any CPU
		{6CEEBC14-FBCD-45A8-98DA-FE7C018AC290}.Debug|x86.ActiveCfg = Debug|Any CPU
		{6CEEBC14-FBCD-45A8-98DA-FE7C018AC290}.Debug|x86.Build.0 = Debug|Any CPU
		{6CEEBC14-FBCD-45A8-98DA-FE7C018AC290}.DefaultBuild|Any CPU.ActiveCfg = Release|Any CPU
		{6CEEBC14-FBCD-45A8-98DA-FE7C018AC290}.DefaultBuild|Any CPU.Build.0 = Release|Any CPU
		{6CEEBC14-FBCD-45A8-98DA-FE7C018AC290}.DefaultBuild|x64.ActiveCfg = Release|Any CPU
		{6CEEBC14-FBCD-45A8-98DA-FE7C018AC290}.DefaultBuild|x64.Build.0 = Release|Any CPU
		{6CEEBC14-FBCD-45A8-98DA-FE7C018AC290}.DefaultBuild|x86.ActiveCfg = Release|Any CPU
		{6CEEBC14-FBCD-45A8-98DA-FE7C018AC290}.DefaultBuild|x86.Build.0 = Release|Any CPU
		{6CEEBC14-FBCD-45A8-98DA-FE7C018AC290}.FullRelease|Any CPU.ActiveCfg = Release|Any CPU
		{6CEEBC14-FBCD-45A8-98DA-FE7C018AC290}.FullRelease|Any CPU.Build.0 = Release|Any CPU
		{6CEEBC14-FBCD-45A8-98DA-FE7C018AC290}.FullRelease|x64.ActiveCfg = Release|Any CPU
		{6CEEBC14-FBCD-45A8-98DA-FE7C018AC290}.FullRelease|x64.Build.0 = Release|Any CPU
		{6CEEBC14-FBCD-45A8-98DA-FE7C018AC290}.FullRelease|x86.ActiveCfg = Release|Any CPU
		{6CEEBC14-FBCD-45A8-98DA-FE7C018AC290}.FullRelease|x86.Build.0 = Release|Any CPU
		{6CEEBC14-FBCD-45A8-98DA-FE7C018AC290}.Publish|Any CPU.ActiveCfg = Release|Any CPU
		{6CEEBC14-FBCD-45A8-98DA-FE7C018AC290}.Publish|Any CPU.Build.0 = Release|Any CPU
		{6CEEBC14-FBCD-45A8-98DA-FE7C018AC290}.Publish|x64.ActiveCfg = Release|Any CPU
		{6CEEBC14-FBCD-45A8-98DA-FE7C018AC290}.Publish|x64.Build.0 = Release|Any CPU
		{6CEEBC14-FBCD-45A8-98DA-FE7C018AC290}.Publish|x86.ActiveCfg = Release|Any CPU
		{6CEEBC14-FBCD-45A8-98DA-FE7C018AC290}.Publish|x86.Build.0 = Release|Any CPU
		{6CEEBC14-FBCD-45A8-98DA-FE7C018AC290}.PublishFrameworkDependent|Any CPU.ActiveCfg = Release|Any CPU
		{6CEEBC14-FBCD-45A8-98DA-FE7C018AC290}.PublishFrameworkDependent|Any CPU.Build.0 = Release|Any CPU
		{6CEEBC14-FBCD-45A8-98DA-FE7C018AC290}.PublishFrameworkDependent|x64.ActiveCfg = Release|Any CPU
		{6CEEBC14-FBCD-45A8-98DA-FE7C018AC290}.PublishFrameworkDependent|x64.Build.0 = Release|Any CPU
		{6CEEBC14-FBCD-45A8-98DA-FE7C018AC290}.PublishFrameworkDependent|x86.ActiveCfg = Release|Any CPU
		{6CEEBC14-FBCD-45A8-98DA-FE7C018AC290}.PublishFrameworkDependent|x86.Build.0 = Release|Any CPU
		{6CEEBC14-FBCD-45A8-98DA-FE7C018AC290}.PublishSelfContained|Any CPU.ActiveCfg = Release|Any CPU
		{6CEEBC14-FBCD-45A8-98DA-FE7C018AC290}.PublishSelfContained|Any CPU.Build.0 = Release|Any CPU
		{6CEEBC14-FBCD-45A8-98DA-FE7C018AC290}.PublishSelfContained|x64.ActiveCfg = Release|Any CPU
		{6CEEBC14-FBCD-45A8-98DA-FE7C018AC290}.PublishSelfContained|x64.Build.0 = Release|Any CPU
		{6CEEBC14-FBCD-45A8-98DA-FE7C018AC290}.PublishSelfContained|x86.ActiveCfg = Release|Any CPU
		{6CEEBC14-FBCD-45A8-98DA-FE7C018AC290}.PublishSelfContained|x86.Build.0 = Release|Any CPU
		{6CEEBC14-FBCD-45A8-98DA-FE7C018AC290}.Release|Any CPU.ActiveCfg = Release|Any CPU
		{6CEEBC14-FBCD-45A8-98DA-FE7C018AC290}.Release|Any CPU.Build.0 = Release|Any CPU
		{6CEEBC14-FBCD-45A8-98DA-FE7C018AC290}.Release|x64.ActiveCfg = Release|Any CPU
		{6CEEBC14-FBCD-45A8-98DA-FE7C018AC290}.Release|x64.Build.0 = Release|Any CPU
		{6CEEBC14-FBCD-45A8-98DA-FE7C018AC290}.Release|x86.ActiveCfg = Release|Any CPU
		{6CEEBC14-FBCD-45A8-98DA-FE7C018AC290}.Release|x86.Build.0 = Release|Any CPU
		{0D9E0BB3-2132-4786-BA57-21FFF707FB58}.Debug|Any CPU.ActiveCfg = Debug|Any CPU
		{0D9E0BB3-2132-4786-BA57-21FFF707FB58}.Debug|Any CPU.Build.0 = Debug|Any CPU
		{0D9E0BB3-2132-4786-BA57-21FFF707FB58}.Debug|x64.ActiveCfg = Debug|Any CPU
		{0D9E0BB3-2132-4786-BA57-21FFF707FB58}.Debug|x64.Build.0 = Debug|Any CPU
		{0D9E0BB3-2132-4786-BA57-21FFF707FB58}.Debug|x86.ActiveCfg = Debug|Any CPU
		{0D9E0BB3-2132-4786-BA57-21FFF707FB58}.Debug|x86.Build.0 = Debug|Any CPU
		{0D9E0BB3-2132-4786-BA57-21FFF707FB58}.DefaultBuild|Any CPU.ActiveCfg = Debug|Any CPU
		{0D9E0BB3-2132-4786-BA57-21FFF707FB58}.DefaultBuild|Any CPU.Build.0 = Debug|Any CPU
		{0D9E0BB3-2132-4786-BA57-21FFF707FB58}.DefaultBuild|x64.ActiveCfg = Debug|Any CPU
		{0D9E0BB3-2132-4786-BA57-21FFF707FB58}.DefaultBuild|x64.Build.0 = Debug|Any CPU
		{0D9E0BB3-2132-4786-BA57-21FFF707FB58}.DefaultBuild|x86.ActiveCfg = Debug|Any CPU
		{0D9E0BB3-2132-4786-BA57-21FFF707FB58}.DefaultBuild|x86.Build.0 = Debug|Any CPU
		{0D9E0BB3-2132-4786-BA57-21FFF707FB58}.FullRelease|Any CPU.ActiveCfg = Debug|Any CPU
		{0D9E0BB3-2132-4786-BA57-21FFF707FB58}.FullRelease|Any CPU.Build.0 = Debug|Any CPU
		{0D9E0BB3-2132-4786-BA57-21FFF707FB58}.FullRelease|x64.ActiveCfg = Debug|Any CPU
		{0D9E0BB3-2132-4786-BA57-21FFF707FB58}.FullRelease|x64.Build.0 = Debug|Any CPU
		{0D9E0BB3-2132-4786-BA57-21FFF707FB58}.FullRelease|x86.ActiveCfg = Debug|Any CPU
		{0D9E0BB3-2132-4786-BA57-21FFF707FB58}.FullRelease|x86.Build.0 = Debug|Any CPU
		{0D9E0BB3-2132-4786-BA57-21FFF707FB58}.Publish|Any CPU.ActiveCfg = Debug|Any CPU
		{0D9E0BB3-2132-4786-BA57-21FFF707FB58}.Publish|Any CPU.Build.0 = Debug|Any CPU
		{0D9E0BB3-2132-4786-BA57-21FFF707FB58}.Publish|x64.ActiveCfg = Debug|Any CPU
		{0D9E0BB3-2132-4786-BA57-21FFF707FB58}.Publish|x64.Build.0 = Debug|Any CPU
		{0D9E0BB3-2132-4786-BA57-21FFF707FB58}.Publish|x86.ActiveCfg = Debug|Any CPU
		{0D9E0BB3-2132-4786-BA57-21FFF707FB58}.Publish|x86.Build.0 = Debug|Any CPU
		{0D9E0BB3-2132-4786-BA57-21FFF707FB58}.PublishFrameworkDependent|Any CPU.ActiveCfg = Debug|Any CPU
		{0D9E0BB3-2132-4786-BA57-21FFF707FB58}.PublishFrameworkDependent|Any CPU.Build.0 = Debug|Any CPU
		{0D9E0BB3-2132-4786-BA57-21FFF707FB58}.PublishFrameworkDependent|x64.ActiveCfg = Debug|Any CPU
		{0D9E0BB3-2132-4786-BA57-21FFF707FB58}.PublishFrameworkDependent|x64.Build.0 = Debug|Any CPU
		{0D9E0BB3-2132-4786-BA57-21FFF707FB58}.PublishFrameworkDependent|x86.ActiveCfg = Debug|Any CPU
		{0D9E0BB3-2132-4786-BA57-21FFF707FB58}.PublishFrameworkDependent|x86.Build.0 = Debug|Any CPU
		{0D9E0BB3-2132-4786-BA57-21FFF707FB58}.PublishSelfContained|Any CPU.ActiveCfg = Debug|Any CPU
		{0D9E0BB3-2132-4786-BA57-21FFF707FB58}.PublishSelfContained|Any CPU.Build.0 = Debug|Any CPU
		{0D9E0BB3-2132-4786-BA57-21FFF707FB58}.PublishSelfContained|x64.ActiveCfg = Debug|Any CPU
		{0D9E0BB3-2132-4786-BA57-21FFF707FB58}.PublishSelfContained|x64.Build.0 = Debug|Any CPU
		{0D9E0BB3-2132-4786-BA57-21FFF707FB58}.PublishSelfContained|x86.ActiveCfg = Debug|Any CPU
		{0D9E0BB3-2132-4786-BA57-21FFF707FB58}.PublishSelfContained|x86.Build.0 = Debug|Any CPU
		{0D9E0BB3-2132-4786-BA57-21FFF707FB58}.Release|Any CPU.ActiveCfg = Release|Any CPU
		{0D9E0BB3-2132-4786-BA57-21FFF707FB58}.Release|Any CPU.Build.0 = Release|Any CPU
		{0D9E0BB3-2132-4786-BA57-21FFF707FB58}.Release|x64.ActiveCfg = Release|Any CPU
		{0D9E0BB3-2132-4786-BA57-21FFF707FB58}.Release|x64.Build.0 = Release|Any CPU
		{0D9E0BB3-2132-4786-BA57-21FFF707FB58}.Release|x86.ActiveCfg = Release|Any CPU
		{0D9E0BB3-2132-4786-BA57-21FFF707FB58}.Release|x86.Build.0 = Release|Any CPU
	EndGlobalSection
	GlobalSection(SolutionProperties) = preSolution
		HideSolutionNode = FALSE
	EndGlobalSection
	GlobalSection(ExtensibilityGlobals) = postSolution
		SolutionGuid = {368600EC-54E4-4B65-8F5E-5D193B0DEE1B}
	EndGlobalSection
EndGlobal
